// !$*UTF8*$!
{
	archiveVersion = 1;
	classes = {
	};
	objectVersion = 70;
	objects = {

/* Begin PBXBuildFile section */
		5114449E2DD5508900FC3129 /* AnalyticsClient in Frameworks */ = {isa = PBXBuildFile; productRef = 5114449D2DD5508900FC3129 /* AnalyticsClient */; };
		511444A02DD5508900FC3129 /* Aria2Client in Frameworks */ = {isa = PBXBuildFile; productRef = 5114449F2DD5508900FC3129 /* Aria2Client */; };
		511444A22DD5508900FC3129 /* Assets in Frameworks */ = {isa = PBXBuildFile; productRef = 511444A12DD5508900FC3129 /* Assets */; };
		511444A42DD5508900FC3129 /* ClipboardClient in Frameworks */ = {isa = PBXBuildFile; productRef = 511444A32DD5508900FC3129 /* ClipboardClient */; };
		511444A62DD5508900FC3129 /* Models in Frameworks */ = {isa = PBXBuildFile; productRef = 511444A52DD5508900FC3129 /* Models */; };
		511444AA2DD5508900FC3129 /* UI in Frameworks */ = {isa = PBXBuildFile; productRef = 511444A92DD5508900FC3129 /* UI */; };
		511444AC2DD550E300FC3129 /* Shared in Frameworks */ = {isa = PBXBuildFile; productRef = 511444AB2DD550E300FC3129 /* Shared */; };
		511444AE2DD553B900FC3129 /* aria2c in Resources */ = {isa = PBXBuildFile; fileRef = 511444AD2DD553B900FC3129 /* aria2c */; };
/* End PBXBuildFile section */

/* Begin PBXFileReference section */
		456853E82A0A2E3C0081389F /* Peeri.app */ = {isa = PBXFileReference; explicitFileType = wrapper.application; includeInIndex = 0; path = Peeri.app; sourceTree = BUILT_PRODUCTS_DIR; };
		5114447F2DD54CD300FC3129 /* PeerKit */ = {isa = PBXFileReference; lastKnownFileType = wrapper; path = PeerKit; sourceTree = "<group>"; };
		511444AD2DD553B900FC3129 /* aria2c */ = {isa = PBXFileReference; lastKnownFileType = "compiled.mach-o.executable"; path = aria2c; sourceTree = "<group>"; };
/* End PBXFileReference section */

/* Begin PBXFileSystemSynchronizedRootGroup section */
		511444742DD54C9C00FC3129 /* Peeri */ = {isa = PBXFileSystemSynchronizedRootGroup; explicitFileTypes = {}; explicitFolders = (); path = Peeri; sourceTree = "<group>"; };
/* End PBXFileSystemSynchronizedRootGroup section */

/* Begin PBXFrameworksBuildPhase section */
		456853E52A0A2E3C0081389F /* Frameworks */ = {
			isa = PBXFrameworksBuildPhase;
			buildActionMask = 2147483647;
			files = (
				511444A62DD5508900FC3129 /* Models in Frameworks */,
				5114449E2DD5508900FC3129 /* AnalyticsClient in Frameworks */,
				511444AC2DD550E300FC3129 /* Shared in Frameworks */,
				511444A22DD5508900FC3129 /* Assets in Frameworks */,
				511444AA2DD5508900FC3129 /* UI in Frameworks */,
				511444A42DD5508900FC3129 /* ClipboardClient in Frameworks */,
				511444A02DD5508900FC3129 /* Aria2Client in Frameworks */,
			);
			runOnlyForDeploymentPostprocessing = 0;
		};
/* End PBXFrameworksBuildPhase section */

/* Begin PBXGroup section */
		456853DF2A0A2E3C0081389F = {
			isa = PBXGroup;
			children = (
				5114447F2DD54CD300FC3129 /* PeerKit */,
				511444742DD54C9C00FC3129 /* Peeri */,
				5114449C2DD5508900FC3129 /* Frameworks */,
				456853E92A0A2E3C0081389F /* Products */,
				511444AD2DD553B900FC3129 /* aria2c */,
			);
			sourceTree = "<group>";
		};
		456853E92A0A2E3C0081389F /* Products */ = {
			isa = PBXGroup;
			children = (
				456853E82A0A2E3C0081389F /* Peeri.app */,
			);
			name = Products;
			sourceTree = "<group>";
		};
		5114449C2DD5508900FC3129 /* Frameworks */ = {
			isa = PBXGroup;
			children = (
			);
			name = Frameworks;
			sourceTree = "<group>";
		};
/* End PBXGroup section */

/* Begin PBXNativeTarget section */
		456853E72A0A2E3C0081389F /* Peeri */ = {
			isa = PBXNativeTarget;
			buildConfigurationList = 456853F72A0A2E3D0081389F /* Build configuration list for PBXNativeTarget "Peeri" */;
			buildPhases = (
				456853E42A0A2E3C0081389F /* Sources */,
				456853E52A0A2E3C0081389F /* Frameworks */,
				456853E62A0A2E3C0081389F /* Resources */,
			);
			buildRules = (
			);
			dependencies = (
			);
			fileSystemSynchronizedGroups = (
				511444742DD54C9C00FC3129 /* Peeri */,
			);
			name = Peeri;
			productName = Peeri;
			productReference = 456853E82A0A2E3C0081389F /* Peeri.app */;
			productType = "com.apple.product-type.application";
		};
/* End PBXNativeTarget section */

/* Begin PBXProject section */
		456853E02A0A2E3C0081389F /* Project object */ = {
			isa = PBXProject;
			attributes = {
				BuildIndependentTargetsInParallel = 1;
				LastSwiftUpdateCheck = 1430;
				LastUpgradeCheck = 1630;
				TargetAttributes = {
					456853E72A0A2E3C0081389F = {
						CreatedOnToolsVersion = 14.3;
					};
				};
			};
			buildConfigurationList = 456853E32A0A2E3C0081389F /* Build configuration list for PBXProject "Peeri" */;
			compatibilityVersion = "Xcode 14.0";
			developmentRegion = en;
			hasScannedForEncodings = 0;
			knownRegions = (
				en,
				Base,
			);
			mainGroup = 456853DF2A0A2E3C0081389F;
			productRefGroup = 456853E92A0A2E3C0081389F /* Products */;
			projectDirPath = "";
			projectRoot = "";
			targets = (
				456853E72A0A2E3C0081389F /* Peeri */,
			);
		};
/* End PBXProject section */

/* Begin PBXResourcesBuildPhase section */
		456853E62A0A2E3C0081389F /* Resources */ = {
			isa = PBXResourcesBuildPhase;
			buildActionMask = 2147483647;
			files = (
				511444AE2DD553B900FC3129 /* aria2c in Resources */,
			);
			runOnlyForDeploymentPostprocessing = 0;
		};
/* End PBXResourcesBuildPhase section */

/* Begin PBXSourcesBuildPhase section */
		456853E42A0A2E3C0081389F /* Sources */ = {
			isa = PBXSourcesBuildPhase;
			buildActionMask = 2147483647;
			files = (
			);
			runOnlyForDeploymentPostprocessing = 0;
		};
/* End PBXSourcesBuildPhase section */

/* Begin XCBuildConfiguration section */
		456853F52A0A2E3D0081389F /* Debug */ = {
			isa = XCBuildConfiguration;
			buildSettings = {
				ALWAYS_SEARCH_USER_PATHS = NO;
				ASSETCATALOG_COMPILER_GENERATE_SWIFT_ASSET_SYMBOL_EXTENSIONS = YES;
				CLANG_ANALYZER_NONNULL = YES;
				CLANG_ANALYZER_NUMBER_OBJECT_CONVERSION = YES_AGGRESSIVE;
				CLANG_CXX_LANGUAGE_STANDARD = "gnu++20";
				CLANG_ENABLE_MODULES = YES;
				CLANG_ENABLE_OBJC_ARC = YES;
				CLANG_ENABLE_OBJC_WEAK = YES;
				CLANG_WARN_BLOCK_CAPTURE_AUTORELEASING = YES;
				CLANG_WARN_BOOL_CONVERSION = YES;
				CLANG_WARN_COMMA = YES;
				CLANG_WARN_CONSTANT_CONVERSION = YES;
				CLANG_WARN_DEPRECATED_OBJC_IMPLEMENTATIONS = YES;
				CLANG_WARN_DIRECT_OBJC_ISA_USAGE = YES_ERROR;
				CLANG_WARN_DOCUMENTATION_COMMENTS = YES;
				CLANG_WARN_EMPTY_BODY = YES;
				CLANG_WARN_ENUM_CONVERSION = YES;
				CLANG_WARN_INFINITE_RECURSION = YES;
				CLANG_WARN_INT_CONVERSION = YES;
				CLANG_WARN_NON_LITERAL_NULL_CONVERSION = YES;
				CLANG_WARN_OBJC_IMPLICIT_RETAIN_SELF = YES;
				CLANG_WARN_OBJC_LITERAL_CONVERSION = YES;
				CLANG_WARN_OBJC_ROOT_CLASS = YES_ERROR;
				CLANG_WARN_QUOTED_INCLUDE_IN_FRAMEWORK_HEADER = YES;
				CLANG_WARN_RANGE_LOOP_ANALYSIS = YES;
				CLANG_WARN_STRICT_PROTOTYPES = YES;
				CLANG_WARN_SUSPICIOUS_MOVE = YES;
				CLANG_WARN_UNGUARDED_AVAILABILITY = YES_AGGRESSIVE;
				CLANG_WARN_UNREACHABLE_CODE = YES;
				CLANG_WARN__DUPLICATE_METHOD_MATCH = YES;
				COPY_PHASE_STRIP = NO;
				DEAD_CODE_STRIPPING = YES;
				DEBUG_INFORMATION_FORMAT = dwarf;
				DEVELOPMENT_TEAM = 4538W4A79B;
				ENABLE_STRICT_OBJC_MSGSEND = YES;
				ENABLE_TESTABILITY = YES;
				ENABLE_USER_SCRIPT_SANDBOXING = YES;
				GCC_C_LANGUAGE_STANDARD = gnu11;
				GCC_DYNAMIC_NO_PIC = NO;
				GCC_NO_COMMON_BLOCKS = YES;
				GCC_OPTIMIZATION_LEVEL = 0;
				GCC_PREPROCESSOR_DEFINITIONS = (
					"DEBUG=1",
					"$(inherited)",
				);
				GCC_WARN_64_TO_32_BIT_CONVERSION = YES;
				GCC_WARN_ABOUT_RETURN_TYPE = YES_ERROR;
				GCC_WARN_UNDECLARED_SELECTOR = YES;
				GCC_WARN_UNINITIALIZED_AUTOS = YES_AGGRESSIVE;
				GCC_WARN_UNUSED_FUNCTION = YES;
				GCC_WARN_UNUSED_VARIABLE = YES;
				MACOSX_DEPLOYMENT_TARGET = 13.3;
				MTL_ENABLE_DEBUG_INFO = INCLUDE_SOURCE;
				MTL_FAST_MATH = YES;
				ONLY_ACTIVE_ARCH = YES;
				SDKROOT = macosx;
				SWIFT_ACTIVE_COMPILATION_CONDITIONS = DEBUG;
				SWIFT_OPTIMIZATION_LEVEL = "-Onone";
			};
			name = Debug;
		};
		456853F62A0A2E3D0081389F /* Release */ = {
			isa = XCBuildConfiguration;
			buildSettings = {
				ALWAYS_SEARCH_USER_PATHS = NO;
				ASSETCATALOG_COMPILER_GENERATE_SWIFT_ASSET_SYMBOL_EXTENSIONS = YES;
				CLANG_ANALYZER_NONNULL = YES;
				CLANG_ANALYZER_NUMBER_OBJECT_CONVERSION = YES_AGGRESSIVE;
				CLANG_CXX_LANGUAGE_STANDARD = "gnu++20";
				CLANG_ENABLE_MODULES = YES;
				CLANG_ENABLE_OBJC_ARC = YES;
				CLANG_ENABLE_OBJC_WEAK = YES;
				CLANG_WARN_BLOCK_CAPTURE_AUTORELEASING = YES;
				CLANG_WARN_BOOL_CONVERSION = YES;
				CLANG_WARN_COMMA = YES;
				CLANG_WARN_CONSTANT_CONVERSION = YES;
				CLANG_WARN_DEPRECATED_OBJC_IMPLEMENTATIONS = YES;
				CLANG_WARN_DIRECT_OBJC_ISA_USAGE = YES_ERROR;
				CLANG_WARN_DOCUMENTATION_COMMENTS = YES;
				CLANG_WARN_EMPTY_BODY = YES;
				CLANG_WARN_ENUM_CONVERSION = YES;
				CLANG_WARN_INFINITE_RECURSION = YES;
				CLANG_WARN_INT_CONVERSION = YES;
				CLANG_WARN_NON_LITERAL_NULL_CONVERSION = YES;
				CLANG_WARN_OBJC_IMPLICIT_RETAIN_SELF = YES;
				CLANG_WARN_OBJC_LITERAL_CONVERSION = YES;
				CLANG_WARN_OBJC_ROOT_CLASS = YES_ERROR;
				CLANG_WARN_QUOTED_INCLUDE_IN_FRAMEWORK_HEADER = YES;
				CLANG_WARN_RANGE_LOOP_ANALYSIS = YES;
				CLANG_WARN_STRICT_PROTOTYPES = YES;
				CLANG_WARN_SUSPICIOUS_MOVE = YES;
				CLANG_WARN_UNGUARDED_AVAILABILITY = YES_AGGRESSIVE;
				CLANG_WARN_UNREACHABLE_CODE = YES;
				CLANG_WARN__DUPLICATE_METHOD_MATCH = YES;
				COPY_PHASE_STRIP = NO;
				DEAD_CODE_STRIPPING = YES;
				DEBUG_INFORMATION_FORMAT = "dwarf-with-dsym";
				DEVELOPMENT_TEAM = 4538W4A79B;
				ENABLE_NS_ASSERTIONS = NO;
				ENABLE_STRICT_OBJC_MSGSEND = YES;
				ENABLE_USER_SCRIPT_SANDBOXING = YES;
				GCC_C_LANGUAGE_STANDARD = gnu11;
				GCC_NO_COMMON_BLOCKS = YES;
				GCC_WARN_64_TO_32_BIT_CONVERSION = YES;
				GCC_WARN_ABOUT_RETURN_TYPE = YES_ERROR;
				GCC_WARN_UNDECLARED_SELECTOR = YES;
				GCC_WARN_UNINITIALIZED_AUTOS = YES_AGGRESSIVE;
				GCC_WARN_UNUSED_FUNCTION = YES;
				GCC_WARN_UNUSED_VARIABLE = YES;
				MACOSX_DEPLOYMENT_TARGET = 13.3;
				MTL_ENABLE_DEBUG_INFO = NO;
				MTL_FAST_MATH = YES;
				SDKROOT = macosx;
				SWIFT_COMPILATION_MODE = wholemodule;
				SWIFT_OPTIMIZATION_LEVEL = "-O";
			};
			name = Release;
		};
		456853F82A0A2E3D0081389F /* Debug */ = {
			isa = XCBuildConfiguration;
			buildSettings = {
				ASSETCATALOG_COMPILER_APPICON_NAME = AppIcon;
				ASSETCATALOG_COMPILER_GLOBAL_ACCENT_COLOR_NAME = AccentColor;
				CODE_SIGN_ENTITLEMENTS = Peeri/Peeri.entitlements;
				CODE_SIGN_STYLE = Automatic;
				COMBINE_HIDPI_IMAGES = YES;
				CURRENT_PROJECT_VERSION = 1;
				DEAD_CODE_STRIPPING = YES;
				DEVELOPMENT_ASSET_PATHS = "\"Peeri/Preview Content\"";
				ENABLE_HARDENED_RUNTIME = NO;
				ENABLE_PREVIEWS = YES;
				GENERATE_INFOPLIST_FILE = YES;
				INFOPLIST_KEY_NSHumanReadableCopyright = "";
				LD_RUNPATH_SEARCH_PATHS = (
					"$(inherited)",
					"@executable_path/../Frameworks",
				);
				MARKETING_VERSION = 1.0;
				PRODUCT_BUNDLE_IDENTIFIER = com.aayush.opensource.Peeri;
				PRODUCT_NAME = "$(TARGET_NAME)";
				SWIFT_EMIT_LOC_STRINGS = YES;
				SWIFT_VERSION = 5.0;
			};
			name = Debug;
		};
		456853F92A0A2E3D0081389F /* Release */ = {
			isa = XCBuildConfiguration;
			buildSettings = {
				ASSETCATALOG_COMPILER_APPICON_NAME = AppIcon;
				ASSETCATALOG_COMPILER_GLOBAL_ACCENT_COLOR_NAME = AccentColor;
				CODE_SIGN_ENTITLEMENTS = Peeri/Peeri.entitlements;
				CODE_SIGN_STYLE = Automatic;
				COMBINE_HIDPI_IMAGES = YES;
				CURRENT_PROJECT_VERSION = 1;
				DEAD_CODE_STRIPPING = YES;
				DEVELOPMENT_ASSET_PATHS = "\"Peeri/Preview Content\"";
				ENABLE_HARDENED_RUNTIME = NO;
				ENABLE_PREVIEWS = YES;
				GENERATE_INFOPLIST_FILE = YES;
				INFOPLIST_KEY_NSHumanReadableCopyright = "";
				LD_RUNPATH_SEARCH_PATHS = (
					"$(inherited)",
					"@executable_path/../Frameworks",
				);
				MARKETING_VERSION = 1.0;
				PRODUCT_BUNDLE_IDENTIFIER = com.aayush.opensource.Peeri;
				PRODUCT_NAME = "$(TARGET_NAME)";
				SWIFT_EMIT_LOC_STRINGS = YES;
				SWIFT_VERSION = 5.0;
			};
			name = Release;
		};
/* End XCBuildConfiguration section */

/* Begin XCConfigurationList section */
		456853E32A0A2E3C0081389F /* Build configuration list for PBXProject "Peeri" */ = {
			isa = XCConfigurationList;
			buildConfigurations = (
				456853F52A0A2E3D0081389F /* Debug */,
				456853F62A0A2E3D0081389F /* Release */,
			);
			defaultConfigurationIsVisible = 0;
			defaultConfigurationName = Release;
		};
		456853F72A0A2E3D0081389F /* Build configuration list for PBXNativeTarget "Peeri" */ = {
			isa = XCConfigurationList;
			buildConfigurations = (
				456853F82A0A2E3D0081389F /* Debug */,
				456853F92A0A2E3D0081389F /* Release */,
			);
			defaultConfigurationIsVisible = 0;
			defaultConfigurationName = Release;
		};
/* End XCConfigurationList section */

/* Begin XCSwiftPackageProductDependency section */
		5114449D2DD5508900FC3129 /* AnalyticsClient */ = {
			isa = XCSwiftPackageProductDependency;
			productName = AnalyticsClient;
		};
		5114449F2DD5508900FC3129 /* Aria2Client */ = {
			isa = XCSwiftPackageProductDependency;
			productName = Aria2Client;
		};
		511444A12DD5508900FC3129 /* Assets */ = {
			isa = XCSwiftPackageProductDependency;
			productName = Assets;
		};
		511444A32DD5508900FC3129 /* ClipboardClient */ = {
			isa = XCSwiftPackageProductDependency;
			productName = ClipboardClient;
		};
		511444A52DD5508900FC3129 /* Models */ = {
			isa = XCSwiftPackageProductDependency;
			productName = Models;
		};
		511444A92DD5508900FC3129 /* UI */ = {
			isa = XCSwiftPackageProductDependency;
			productName = UI;
		};
		511444AB2DD550E300FC3129 /* Shared */ = {
			isa = XCSwiftPackageProductDependency;
			productName = Shared;
		};
/* End XCSwiftPackageProductDependency section */
	};
	rootObject = 456853E02A0A2E3C0081389F /* Project object */;
}
